
Microsoft Visual Studio Solution File, Format Version 12.00
# Visual Studio Version 16
VisualStudioVersion = 16.0.30420.98
MinimumVisualStudioVersion = 15.0.26124.0
Project("{9A19103F-16F7-4668-BE54-9A1E7A4F7556}") = "Taml", "Taml\Taml\Taml.csproj", "{5F34EE36-109F-4D7F-8B06-C3241F308005}"
EndProject
Project("{9A19103F-16F7-4668-BE54-9A1E7A4F7556}") = "Test.Taml", "Taml\Test.Taml\Test.Taml.csproj", "{CD41ADB4-BC4F-4AB3-9CB3-3D1ABDB32AA1}"
EndProject
Project("{2150E333-8FDC-42A3-9474-1A3956D46DE8}") = "Solution Items", "Solution Items", "{F94246F3-EF85-4FAF-AC44-C0E69B9E656D}"
	ProjectSection(SolutionItems) = preProject
		..\..\.editorconfig = ..\..\.editorconfig
		..\..\CODE-OF-CONDUCT.md = ..\..\CODE-OF-CONDUCT.md
		..\..\CONTRIBUTING.md = ..\..\CONTRIBUTING.md
		Directory.Build.props = Directory.Build.props
	EndProjectSection
EndProject
Project("{9A19103F-16F7-4668-BE54-9A1E7A4F7556}") = "Taml.Configuration", "Taml.Configuration\Taml.Configuration\Taml.Configuration.csproj", "{069403C6-DE0A-4043-8D92-88DADE3DB3E2}"
EndProject
Project("{9A19103F-16F7-4668-BE54-9A1E7A4F7556}") = "Test.Taml.Configuration", "Taml.Configuration\Test.Taml.Configuration\Test.Taml.Configuration.csproj", "{2CF41FAB-4607-4772-8544-8D2EF8FF9DB8}"
EndProject
Project("{2150E333-8FDC-42A3-9474-1A3956D46DE8}") = "Taml.Configuration", "Taml.Configuration", "{D8BF9D98-AE40-4736-B471-1A0CD71184C7}"
EndProject
Project("{2150E333-8FDC-42A3-9474-1A3956D46DE8}") = "Yaml.Writer.Taml", "Yaml.Writer.Taml", "{B52120A4-96ED-42B3-8504-69D315916E5F}"
EndProject
Project("{9A19103F-16F7-4668-BE54-9A1E7A4F7556}") = "Yaml.Writer.Taml", "Yaml.Writer.Taml\Yaml.Writer.Taml\Yaml.Writer.Taml.csproj", "{80257695-D4DF-4CFB-BCAF-0B9AA559064B}"
EndProject
Project("{9A19103F-16F7-4668-BE54-9A1E7A4F7556}") = "Test.Yaml.Writer.Taml", "Yaml.Writer.Taml\Test.Yaml.Writer.Taml\Test.Yaml.Writer.Taml.csproj", "{6A469558-7825-4D6B-8A19-758C6C2A7C9E}"
EndProject
Project("{9A19103F-16F7-4668-BE54-9A1E7A4F7556}") = "Yaml.Writer.Cli", "Yaml.Writer.Taml\Yaml.Writer.Cli\Yaml.Writer.Cli.csproj", "{20A28BFB-F449-4EB8-9DF2-5732CEC3213C}"
EndProject
Global
	GlobalSection(SolutionConfigurationPlatforms) = preSolution
		Debug|Any CPU = Debug|Any CPU
		Debug|x64 = Debug|x64
		Debug|x86 = Debug|x86
		Release|Any CPU = Release|Any CPU
		Release|x64 = Release|x64
		Release|x86 = Release|x86
	EndGlobalSection
	GlobalSection(ProjectConfigurationPlatforms) = postSolution
		{5F34EE36-109F-4D7F-8B06-C3241F308005}.Debug|Any CPU.ActiveCfg = Debug|Any CPU
		{5F34EE36-109F-4D7F-8B06-C3241F308005}.Debug|Any CPU.Build.0 = Debug|Any CPU
		{5F34EE36-109F-4D7F-8B06-C3241F308005}.Debug|x64.ActiveCfg = Debug|Any CPU
		{5F34EE36-109F-4D7F-8B06-C3241F308005}.Debug|x64.Build.0 = Debug|Any CPU
		{5F34EE36-109F-4D7F-8B06-C3241F308005}.Debug|x86.ActiveCfg = Debug|Any CPU
		{5F34EE36-109F-4D7F-8B06-C3241F308005}.Debug|x86.Build.0 = Debug|Any CPU
		{5F34EE36-109F-4D7F-8B06-C3241F308005}.Release|Any CPU.ActiveCfg = Release|Any CPU
		{5F34EE36-109F-4D7F-8B06-C3241F308005}.Release|Any CPU.Build.0 = Release|Any CPU
		{5F34EE36-109F-4D7F-8B06-C3241F308005}.Release|x64.ActiveCfg = Release|Any CPU
		{5F34EE36-109F-4D7F-8B06-C3241F308005}.Release|x64.Build.0 = Release|Any CPU
		{5F34EE36-109F-4D7F-8B06-C3241F308005}.Release|x86.ActiveCfg = Release|Any CPU
		{5F34EE36-109F-4D7F-8B06-C3241F308005}.Release|x86.Build.0 = Release|Any CPU
		{CD41ADB4-BC4F-4AB3-9CB3-3D1ABDB32AA1}.Debug|Any CPU.ActiveCfg = Debug|Any CPU
		{CD41ADB4-BC4F-4AB3-9CB3-3D1ABDB32AA1}.Debug|Any CPU.Build.0 = Debug|Any CPU
		{CD41ADB4-BC4F-4AB3-9CB3-3D1ABDB32AA1}.Debug|x64.ActiveCfg = Debug|Any CPU
		{CD41ADB4-BC4F-4AB3-9CB3-3D1ABDB32AA1}.Debug|x64.Build.0 = Debug|Any CPU
		{CD41ADB4-BC4F-4AB3-9CB3-3D1ABDB32AA1}.Debug|x86.ActiveCfg = Debug|Any CPU
		{CD41ADB4-BC4F-4AB3-9CB3-3D1ABDB32AA1}.Debug|x86.Build.0 = Debug|Any CPU
		{CD41ADB4-BC4F-4AB3-9CB3-3D1ABDB32AA1}.Release|Any CPU.ActiveCfg = Release|Any CPU
		{CD41ADB4-BC4F-4AB3-9CB3-3D1ABDB32AA1}.Release|Any CPU.Build.0 = Release|Any CPU
		{CD41ADB4-BC4F-4AB3-9CB3-3D1ABDB32AA1}.Release|x64.ActiveCfg = Release|Any CPU
		{CD41ADB4-BC4F-4AB3-9CB3-3D1ABDB32AA1}.Release|x64.Build.0 = Release|Any CPU
		{CD41ADB4-BC4F-4AB3-9CB3-3D1ABDB32AA1}.Release|x86.ActiveCfg = Release|Any CPU
		{CD41ADB4-BC4F-4AB3-9CB3-3D1ABDB32AA1}.Release|x86.Build.0 = Release|Any CPU
		{069403C6-DE0A-4043-8D92-88DADE3DB3E2}.Debug|Any CPU.ActiveCfg = Debug|Any CPU
		{069403C6-DE0A-4043-8D92-88DADE3DB3E2}.Debug|Any CPU.Build.0 = Debug|Any CPU
		{069403C6-DE0A-4043-8D92-88DADE3DB3E2}.Debug|x64.ActiveCfg = Debug|Any CPU
		{069403C6-DE0A-4043-8D92-88DADE3DB3E2}.Debug|x64.Build.0 = Debug|Any CPU
		{069403C6-DE0A-4043-8D92-88DADE3DB3E2}.Debug|x86.ActiveCfg = Debug|Any CPU
		{069403C6-DE0A-4043-8D92-88DADE3DB3E2}.Debug|x86.Build.0 = Debug|Any CPU
		{069403C6-DE0A-4043-8D92-88DADE3DB3E2}.Release|Any CPU.ActiveCfg = Release|Any CPU
		{069403C6-DE0A-4043-8D92-88DADE3DB3E2}.Release|Any CPU.Build.0 = Release|Any CPU
		{069403C6-DE0A-4043-8D92-88DADE3DB3E2}.Release|x64.ActiveCfg = Release|Any CPU
		{069403C6-DE0A-4043-8D92-88DADE3DB3E2}.Release|x64.Build.0 = Release|Any CPU
		{069403C6-DE0A-4043-8D92-88DADE3DB3E2}.Release|x86.ActiveCfg = Release|Any CPU
		{069403C6-DE0A-4043-8D92-88DADE3DB3E2}.Release|x86.Build.0 = Release|Any CPU
		{2CF41FAB-4607-4772-8544-8D2EF8FF9DB8}.Debug|Any CPU.ActiveCfg = Debug|Any CPU
		{2CF41FAB-4607-4772-8544-8D2EF8FF9DB8}.Debug|Any CPU.Build.0 = Debug|Any CPU
		{2CF41FAB-4607-4772-8544-8D2EF8FF9DB8}.Debug|x64.ActiveCfg = Debug|Any CPU
		{2CF41FAB-4607-4772-8544-8D2EF8FF9DB8}.Debug|x64.Build.0 = Debug|Any CPU
		{2CF41FAB-4607-4772-8544-8D2EF8FF9DB8}.Debug|x86.ActiveCfg = Debug|Any CPU
		{2CF41FAB-4607-4772-8544-8D2EF8FF9DB8}.Debug|x86.Build.0 = Debug|Any CPU
		{2CF41FAB-4607-4772-8544-8D2EF8FF9DB8}.Release|Any CPU.ActiveCfg = Release|Any CPU
		{2CF41FAB-4607-4772-8544-8D2EF8FF9DB8}.Release|Any CPU.Build.0 = Release|Any CPU
		{2CF41FAB-4607-4772-8544-8D2EF8FF9DB8}.Release|x64.ActiveCfg = Release|Any CPU
		{2CF41FAB-4607-4772-8544-8D2EF8FF9DB8}.Release|x64.Build.0 = Release|Any CPU
		{2CF41FAB-4607-4772-8544-8D2EF8FF9DB8}.Release|x86.ActiveCfg = Release|Any CPU
		{2CF41FAB-4607-4772-8544-8D2EF8FF9DB8}.Release|x86.Build.0 = Release|Any CPU
		{80257695-D4DF-4CFB-BCAF-0B9AA559064B}.Debug|Any CPU.ActiveCfg = Debug|Any CPU
		{80257695-D4DF-4CFB-BCAF-0B9AA559064B}.Debug|Any CPU.Build.0 = Debug|Any CPU
		{80257695-D4DF-4CFB-BCAF-0B9AA559064B}.Debug|x64.ActiveCfg = Debug|Any CPU
		{80257695-D4DF-4CFB-BCAF-0B9AA559064B}.Debug|x64.Build.0 = Debug|Any CPU
		{80257695-D4DF-4CFB-BCAF-0B9AA559064B}.Debug|x86.ActiveCfg = Debug|Any CPU
		{80257695-D4DF-4CFB-BCAF-0B9AA559064B}.Debug|x86.Build.0 = Debug|Any CPU
		{80257695-D4DF-4CFB-BCAF-0B9AA559064B}.Release|Any CPU.ActiveCfg = Release|Any CPU
		{80257695-D4DF-4CFB-BCAF-0B9AA559064B}.Release|Any CPU.Build.0 = Release|Any CPU
		{80257695-D4DF-4CFB-BCAF-0B9AA559064B}.Release|x64.ActiveCfg = Release|Any CPU
		{80257695-D4DF-4CFB-BCAF-0B9AA559064B}.Release|x64.Build.0 = Release|Any CPU
		{80257695-D4DF-4CFB-BCAF-0B9AA559064B}.Release|x86.ActiveCfg = Release|Any CPU
		{80257695-D4DF-4CFB-BCAF-0B9AA559064B}.Release|x86.Build.0 = Release|Any CPU
		{6A469558-7825-4D6B-8A19-758C6C2A7C9E}.Debug|Any CPU.ActiveCfg = Debug|Any CPU
		{6A469558-7825-4D6B-8A19-758C6C2A7C9E}.Debug|Any CPU.Build.0 = Debug|Any CPU
		{6A469558-7825-4D6B-8A19-758C6C2A7C9E}.Debug|x64.ActiveCfg = Debug|Any CPU
		{6A469558-7825-4D6B-8A19-758C6C2A7C9E}.Debug|x64.Build.0 = Debug|Any CPU
		{6A469558-7825-4D6B-8A19-758C6C2A7C9E}.Debug|x86.ActiveCfg = Debug|Any CPU
		{6A469558-7825-4D6B-8A19-758C6C2A7C9E}.Debug|x86.Build.0 = Debug|Any CPU
		{6A469558-7825-4D6B-8A19-758C6C2A7C9E}.Release|Any CPU.ActiveCfg = Release|Any CPU
		{6A469558-7825-4D6B-8A19-758C6C2A7C9E}.Release|Any CPU.Build.0 = Release|Any CPU
		{6A469558-7825-4D6B-8A19-758C6C2A7C9E}.Release|x64.ActiveCfg = Release|Any CPU
		{6A469558-7825-4D6B-8A19-758C6C2A7C9E}.Release|x64.Build.0 = Release|Any CPU
		{6A469558-7825-4D6B-8A19-758C6C2A7C9E}.Release|x86.ActiveCfg = Release|Any CPU
		{6A469558-7825-4D6B-8A19-758C6C2A7C9E}.Release|x86.Build.0 = Release|Any CPU
		{20A28BFB-F449-4EB8-9DF2-5732CEC3213C}.Debug|Any CPU.ActiveCfg = Debug|Any CPU
		{20A28BFB-F449-4EB8-9DF2-5732CEC3213C}.Debug|Any CPU.Build.0 = Debug|Any CPU
		{20A28BFB-F449-4EB8-9DF2-5732CEC3213C}.Debug|x64.ActiveCfg = Debug|Any CPU
		{20A28BFB-F449-4EB8-9DF2-5732CEC3213C}.Debug|x64.Build.0 = Debug|Any CPU
		{20A28BFB-F449-4EB8-9DF2-5732CEC3213C}.Debug|x86.ActiveCfg = Debug|Any CPU
		{20A28BFB-F449-4EB8-9DF2-5732CEC3213C}.Debug|x86.Build.0 = Debug|Any CPU
		{20A28BFB-F449-4EB8-9DF2-5732CEC3213C}.Release|Any CPU.ActiveCfg = Release|Any CPU
		{20A28BFB-F449-4EB8-9DF2-5732CEC3213C}.Release|Any CPU.Build.0 = Release|Any CPU
		{20A28BFB-F449-4EB8-9DF2-5732CEC3213C}.Release|x64.ActiveCfg = Release|Any CPU
		{20A28BFB-F449-4EB8-9DF2-5732CEC3213C}.Release|x64.Build.0 = Release|Any CPU
		{20A28BFB-F449-4EB8-9DF2-5732CEC3213C}.Release|x86.ActiveCfg = Release|Any CPU
		{20A28BFB-F449-4EB8-9DF2-5732CEC3213C}.Release|x86.Build.0 = Release|Any CPU
	EndGlobalSection
	GlobalSection(SolutionProperties) = preSolution
		HideSolutionNode = FALSE
	EndGlobalSection
	GlobalSection(NestedProjects) = preSolution
		{069403C6-DE0A-4043-8D92-88DADE3DB3E2} = {D8BF9D98-AE40-4736-B471-1A0CD71184C7}
		{2CF41FAB-4607-4772-8544-8D2EF8FF9DB8} = {D8BF9D98-AE40-4736-B471-1A0CD71184C7}
		{80257695-D4DF-4CFB-BCAF-0B9AA559064B} = {B52120A4-96ED-42B3-8504-69D315916E5F}
		{6A469558-7825-4D6B-8A19-758C6C2A7C9E} = {B52120A4-96ED-42B3-8504-69D315916E5F}
		{20A28BFB-F449-4EB8-9DF2-5732CEC3213C} = {B52120A4-96ED-42B3-8504-69D315916E5F}
	EndGlobalSection
	GlobalSection(ExtensibilityGlobals) = postSolution
		SolutionGuid = {407D8799-35B4-4DDC-A878-538CAC2A5CE5}
	EndGlobalSection
EndGlobal
